
Microsoft Visual Studio Solution File, Format Version 12.00
# Visual Studio Version 17
VisualStudioVersion = 17.4.33103.184
MinimumVisualStudioVersion = 10.0.40219.1
Project("{FAE04EC0-301F-11D3-BF4B-00C04F79EFBC}") = "WebTestAzure1", "WebTestAzure1\WebTestAzure1.csproj", "{8CF0AF5D-2057-407F-9B7F-08DAA29614CA}"
EndProject
Global
	GlobalSection(SolutionConfigurationPlatforms) = preSolution
		Debug|Any CPU = Debug|Any CPU
		Release|Any CPU = Release|Any CPU
	EndGlobalSection
	GlobalSection(ProjectConfigurationPlatforms) = postSolution
		{8CF0AF5D-2057-407F-9B7F-08DAA29614CA}.Debug|Any CPU.ActiveCfg = Debug|Any CPU
		{8CF0AF5D-2057-407F-9B7F-08DAA29614CA}.Debug|Any CPU.Build.0 = Debug|Any CPU
		{8CF0AF5D-2057-407F-9B7F-08DAA29614CA}.Release|Any CPU.ActiveCfg = Release|Any CPU
		{8CF0AF5D-2057-407F-9B7F-08DAA29614CA}.Release|Any CPU.Build.0 = Release|Any CPU
	EndGlobalSection
	GlobalSection(SolutionProperties) = preSolution
		HideSolutionNode = FALSE
	EndGlobalSection
	GlobalSection(ExtensibilityGlobals) = postSolution
		SolutionGuid = {1F869A67-FBE2-4C12-91DD-6B1B2FBF7691}
	EndGlobalSection
EndGlobal
